// !$*UTF8*$!
{
	archiveVersion = 1;
	classes = {
	};
	objectVersion = 56;
	objects = {

/* Begin PBXBuildFile section */
		BF1D2CA62BB2046E00AB4FCD /* TextCellCollectionViewCell.swift in Sources */ = {isa = PBXBuildFile; fileRef = BF1D2CA52BB2046E00AB4FCD /* TextCellCollectionViewCell.swift */; };
		BF1D2CA82BB206E900AB4FCD /* HeaderCollectionReusableView.swift in Sources */ = {isa = PBXBuildFile; fileRef = BF1D2CA72BB206E900AB4FCD /* HeaderCollectionReusableView.swift */; };
		BF6D94CE2BA8A9390087C8A8 /* AppDelegate.swift in Sources */ = {isa = PBXBuildFile; fileRef = BF6D94CD2BA8A9390087C8A8 /* AppDelegate.swift */; };
		BF6D94D02BA8A9390087C8A8 /* SceneDelegate.swift in Sources */ = {isa = PBXBuildFile; fileRef = BF6D94CF2BA8A9390087C8A8 /* SceneDelegate.swift */; };
		BF6D94D22BA8A9390087C8A8 /* MediaLibraryViewController.swift in Sources */ = {isa = PBXBuildFile; fileRef = BF6D94D12BA8A9390087C8A8 /* MediaLibraryViewController.swift */; };
		BF6D94D72BA8A93A0087C8A8 /* Assets.xcassets in Resources */ = {isa = PBXBuildFile; fileRef = BF6D94D62BA8A93A0087C8A8 /* Assets.xcassets */; };
		BF6D94DA2BA8A93A0087C8A8 /* Base in Resources */ = {isa = PBXBuildFile; fileRef = BF6D94D92BA8A93A0087C8A8 /* Base */; };
		BF6D94E62BAEE1580087C8A8 /* SnapKit in Frameworks */ = {isa = PBXBuildFile; productRef = BF6D94E52BAEE1580087C8A8 /* SnapKit */; };
		BF6D94E82BAEE1580087C8A8 /* SnapKit-Dynamic in Frameworks */ = {isa = PBXBuildFile; productRef = BF6D94E72BAEE1580087C8A8 /* SnapKit-Dynamic */; };
		BF6D94EA2BAEE6460087C8A8 /* AlbumsViewCell.swift in Sources */ = {isa = PBXBuildFile; fileRef = BF6D94E92BAEE6460087C8A8 /* AlbumsViewCell.swift */; };
		BF6D94EC2BAF11AB0087C8A8 /* TabBarController.swift in Sources */ = {isa = PBXBuildFile; fileRef = BF6D94EB2BAF11AB0087C8A8 /* TabBarController.swift */; };
		BF6D94EE2BAF5BC70087C8A8 /* ForYouViewController.swift in Sources */ = {isa = PBXBuildFile; fileRef = BF6D94ED2BAF5BC70087C8A8 /* ForYouViewController.swift */; };
		BF6D94F02BAF5EBE0087C8A8 /* AlbumsViewController.swift in Sources */ = {isa = PBXBuildFile; fileRef = BF6D94EF2BAF5EBE0087C8A8 /* AlbumsViewController.swift */; };
		BF6D94F22BAF5ED90087C8A8 /* SearchViewController.swift in Sources */ = {isa = PBXBuildFile; fileRef = BF6D94F12BAF5ED90087C8A8 /* SearchViewController.swift */; };
		BF6D94F52BB1A2F60087C8A8 /* Model.swift in Sources */ = {isa = PBXBuildFile; fileRef = BF6D94F42BB1A2F60087C8A8 /* Model.swift */; };
/* End PBXBuildFile section */

/* Begin PBXFileReference section */
		BF1D2CA52BB2046E00AB4FCD /* TextCellCollectionViewCell.swift */ = {isa = PBXFileReference; lastKnownFileType = sourcecode.swift; path = TextCellCollectionViewCell.swift; sourceTree = "<group>"; };
		BF1D2CA72BB206E900AB4FCD /* HeaderCollectionReusableView.swift */ = {isa = PBXFileReference; lastKnownFileType = sourcecode.swift; path = HeaderCollectionReusableView.swift; sourceTree = "<group>"; };
		BF6D94CA2BA8A9390087C8A8 /* iOS12-HW14.app */ = {isa = PBXFileReference; explicitFileType = wrapper.application; includeInIndex = 0; path = "iOS12-HW14.app"; sourceTree = BUILT_PRODUCTS_DIR; };
		BF6D94CD2BA8A9390087C8A8 /* AppDelegate.swift */ = {isa = PBXFileReference; lastKnownFileType = sourcecode.swift; path = AppDelegate.swift; sourceTree = "<group>"; };
		BF6D94CF2BA8A9390087C8A8 /* SceneDelegate.swift */ = {isa = PBXFileReference; lastKnownFileType = sourcecode.swift; path = SceneDelegate.swift; sourceTree = "<group>"; };
		BF6D94D12BA8A9390087C8A8 /* MediaLibraryViewController.swift */ = {isa = PBXFileReference; lastKnownFileType = sourcecode.swift; path = MediaLibraryViewController.swift; sourceTree = "<group>"; };
		BF6D94D62BA8A93A0087C8A8 /* Assets.xcassets */ = {isa = PBXFileReference; lastKnownFileType = folder.assetcatalog; path = Assets.xcassets; sourceTree = "<group>"; };
		BF6D94D92BA8A93A0087C8A8 /* Base */ = {isa = PBXFileReference; lastKnownFileType = file.storyboard; name = Base; path = Base.lproj/LaunchScreen.storyboard; sourceTree = "<group>"; };
		BF6D94DB2BA8A93A0087C8A8 /* Info.plist */ = {isa = PBXFileReference; lastKnownFileType = text.plist.xml; path = Info.plist; sourceTree = "<group>"; };
		BF6D94E92BAEE6460087C8A8 /* AlbumsViewCell.swift */ = {isa = PBXFileReference; lastKnownFileType = sourcecode.swift; path = AlbumsViewCell.swift; sourceTree = "<group>"; };
		BF6D94EB2BAF11AB0087C8A8 /* TabBarController.swift */ = {isa = PBXFileReference; lastKnownFileType = sourcecode.swift; path = TabBarController.swift; sourceTree = "<group>"; };
		BF6D94ED2BAF5BC70087C8A8 /* ForYouViewController.swift */ = {isa = PBXFileReference; lastKnownFileType = sourcecode.swift; path = ForYouViewController.swift; sourceTree = "<group>"; };
		BF6D94EF2BAF5EBE0087C8A8 /* AlbumsViewController.swift */ = {isa = PBXFileReference; lastKnownFileType = sourcecode.swift; path = AlbumsViewController.swift; sourceTree = "<group>"; };
		BF6D94F12BAF5ED90087C8A8 /* SearchViewController.swift */ = {isa = PBXFileReference; lastKnownFileType = sourcecode.swift; path = SearchViewController.swift; sourceTree = "<group>"; };
		BF6D94F42BB1A2F60087C8A8 /* Model.swift */ = {isa = PBXFileReference; lastKnownFileType = sourcecode.swift; path = Model.swift; sourceTree = "<group>"; };
/* End PBXFileReference section */

/* Begin PBXFrameworksBuildPhase section */
		BF6D94C72BA8A9390087C8A8 /* Frameworks */ = {
			isa = PBXFrameworksBuildPhase;
			buildActionMask = 2147483647;
			files = (
				BF6D94E62BAEE1580087C8A8 /* SnapKit in Frameworks */,
				BF6D94E82BAEE1580087C8A8 /* SnapKit-Dynamic in Frameworks */,
			);
			runOnlyForDeploymentPostprocessing = 0;
		};
/* End PBXFrameworksBuildPhase section */

/* Begin PBXGroup section */
		BF1D2CA42BB1F79E00AB4FCD /* Cells */ = {
			isa = PBXGroup;
			children = (
				BF6D94E92BAEE6460087C8A8 /* AlbumsViewCell.swift */,
				BF1D2CA52BB2046E00AB4FCD /* TextCellCollectionViewCell.swift */,
				BF1D2CA72BB206E900AB4FCD /* HeaderCollectionReusableView.swift */,
				BF6D94F42BB1A2F60087C8A8 /* Model.swift */,
			);
			path = Cells;
			sourceTree = "<group>";
		};
		BF6D94C12BA8A9390087C8A8 = {
			isa = PBXGroup;
			children = (
				BF6D94CC2BA8A9390087C8A8 /* iOS12-HW14 */,
				BF6D94CB2BA8A9390087C8A8 /* Products */,
			);
			sourceTree = "<group>";
		};
		BF6D94CB2BA8A9390087C8A8 /* Products */ = {
			isa = PBXGroup;
			children = (
				BF6D94CA2BA8A9390087C8A8 /* iOS12-HW14.app */,
			);
			name = Products;
			sourceTree = "<group>";
		};
		BF6D94CC2BA8A9390087C8A8 /* iOS12-HW14 */ = {
			isa = PBXGroup;
			children = (
				BF6D94E12BA8A9950087C8A8 /* App */,
				BF6D94E32BA8A9D40087C8A8 /* Sources */,
				BF6D94E22BA8A9B90087C8A8 /* Resources */,
			);
			path = "iOS12-HW14";
			sourceTree = "<group>";
		};
		BF6D94E12BA8A9950087C8A8 /* App */ = {
			isa = PBXGroup;
			children = (
				BF6D94CD2BA8A9390087C8A8 /* AppDelegate.swift */,
				BF6D94CF2BA8A9390087C8A8 /* SceneDelegate.swift */,
			);
			path = App;
			sourceTree = "<group>";
		};
		BF6D94E22BA8A9B90087C8A8 /* Resources */ = {
			isa = PBXGroup;
			children = (
				BF6D94D62BA8A93A0087C8A8 /* Assets.xcassets */,
				BF6D94D82BA8A93A0087C8A8 /* LaunchScreen.storyboard */,
				BF6D94DB2BA8A93A0087C8A8 /* Info.plist */,
			);
			path = Resources;
			sourceTree = "<group>";
		};
		BF6D94E32BA8A9D40087C8A8 /* Sources */ = {
			isa = PBXGroup;
			children = (
				BF6D94EB2BAF11AB0087C8A8 /* TabBarController.swift */,
				BF6D94F32BAF60850087C8A8 /* TabBarViewControllers */,
			);
			path = Sources;
			sourceTree = "<group>";
		};
		BF6D94F32BAF60850087C8A8 /* TabBarViewControllers */ = {
			isa = PBXGroup;
			children = (
				BF6D94D12BA8A9390087C8A8 /* MediaLibraryViewController.swift */,
				BF6D94ED2BAF5BC70087C8A8 /* ForYouViewController.swift */,
				BF6D94EF2BAF5EBE0087C8A8 /* AlbumsViewController.swift */,
				BF6D94F12BAF5ED90087C8A8 /* SearchViewController.swift */,
				BF1D2CA42BB1F79E00AB4FCD /* Cells */,
			);
			path = TabBarViewControllers;
			sourceTree = "<group>";
		};
/* End PBXGroup section */

/* Begin PBXNativeTarget section */
		BF6D94C92BA8A9390087C8A8 /* iOS12-HW14 */ = {
			isa = PBXNativeTarget;
			buildConfigurationList = BF6D94DE2BA8A93A0087C8A8 /* Build configuration list for PBXNativeTarget "iOS12-HW14" */;
			buildPhases = (
				BF6D94C62BA8A9390087C8A8 /* Sources */,
				BF6D94C72BA8A9390087C8A8 /* Frameworks */,
				BF6D94C82BA8A9390087C8A8 /* Resources */,
			);
			buildRules = (
			);
			dependencies = (
			);
			name = "iOS12-HW14";
			packageProductDependencies = (
				BF6D94E52BAEE1580087C8A8 /* SnapKit */,
				BF6D94E72BAEE1580087C8A8 /* SnapKit-Dynamic */,
			);
			productName = "iOS12-HW14";
			productReference = BF6D94CA2BA8A9390087C8A8 /* iOS12-HW14.app */;
			productType = "com.apple.product-type.application";
		};
/* End PBXNativeTarget section */

/* Begin PBXProject section */
		BF6D94C22BA8A9390087C8A8 /* Project object */ = {
			isa = PBXProject;
			attributes = {
				BuildIndependentTargetsInParallel = 1;
				LastSwiftUpdateCheck = 1530;
				LastUpgradeCheck = 1530;
				TargetAttributes = {
					BF6D94C92BA8A9390087C8A8 = {
						CreatedOnToolsVersion = 15.3;
					};
				};
			};
			buildConfigurationList = BF6D94C52BA8A9390087C8A8 /* Build configuration list for PBXProject "iOS12-HW14" */;
			compatibilityVersion = "Xcode 14.0";
			developmentRegion = en;
			hasScannedForEncodings = 0;
			knownRegions = (
				en,
				Base,
			);
			mainGroup = BF6D94C12BA8A9390087C8A8;
			packageReferences = (
				BF6D94E42BAEE1580087C8A8 /* XCRemoteSwiftPackageReference "SnapKit" */,
			);
			productRefGroup = BF6D94CB2BA8A9390087C8A8 /* Products */;
			projectDirPath = "";
			projectRoot = "";
			targets = (
				BF6D94C92BA8A9390087C8A8 /* iOS12-HW14 */,
			);
		};
/* End PBXProject section */

/* Begin PBXResourcesBuildPhase section */
		BF6D94C82BA8A9390087C8A8 /* Resources */ = {
			isa = PBXResourcesBuildPhase;
			buildActionMask = 2147483647;
			files = (
				BF6D94D72BA8A93A0087C8A8 /* Assets.xcassets in Resources */,
				BF6D94DA2BA8A93A0087C8A8 /* Base in Resources */,
			);
			runOnlyForDeploymentPostprocessing = 0;
		};
/* End PBXResourcesBuildPhase section */

/* Begin PBXSourcesBuildPhase section */
		BF6D94C62BA8A9390087C8A8 /* Sources */ = {
			isa = PBXSourcesBuildPhase;
			buildActionMask = 2147483647;
			files = (
				BF1D2CA62BB2046E00AB4FCD /* TextCellCollectionViewCell.swift in Sources */,
				BF1D2CA82BB206E900AB4FCD /* HeaderCollectionReusableView.swift in Sources */,
				BF6D94F52BB1A2F60087C8A8 /* Model.swift in Sources */,
				BF6D94EE2BAF5BC70087C8A8 /* ForYouViewController.swift in Sources */,
				BF6D94D22BA8A9390087C8A8 /* MediaLibraryViewController.swift in Sources */,
				BF6D94CE2BA8A9390087C8A8 /* AppDelegate.swift in Sources */,
				BF6D94F02BAF5EBE0087C8A8 /* AlbumsViewController.swift in Sources */,
				BF6D94F22BAF5ED90087C8A8 /* SearchViewController.swift in Sources */,
				BF6D94EA2BAEE6460087C8A8 /* AlbumsViewCell.swift in Sources */,
				BF6D94D02BA8A9390087C8A8 /* SceneDelegate.swift in Sources */,
				BF6D94EC2BAF11AB0087C8A8 /* TabBarController.swift in Sources */,
			);
			runOnlyForDeploymentPostprocessing = 0;
		};
/* End PBXSourcesBuildPhase section */

/* Begin PBXVariantGroup section */
		BF6D94D82BA8A93A0087C8A8 /* LaunchScreen.storyboard */ = {
			isa = PBXVariantGroup;
			children = (
				BF6D94D92BA8A93A0087C8A8 /* Base */,
			);
			name = LaunchScreen.storyboard;
			sourceTree = "<group>";
		};
/* End PBXVariantGroup section */

/* Begin XCBuildConfiguration section */
		BF6D94DC2BA8A93A0087C8A8 /* Debug */ = {
			isa = XCBuildConfiguration;
			buildSettings = {
				ALWAYS_SEARCH_USER_PATHS = NO;
				ASSETCATALOG_COMPILER_GENERATE_SWIFT_ASSET_SYMBOL_EXTENSIONS = YES;
				CLANG_ANALYZER_NONNULL = YES;
				CLANG_ANALYZER_NUMBER_OBJECT_CONVERSION = YES_AGGRESSIVE;
				CLANG_CXX_LANGUAGE_STANDARD = "gnu++20";
				CLANG_ENABLE_MODULES = YES;
				CLANG_ENABLE_OBJC_ARC = YES;
				CLANG_ENABLE_OBJC_WEAK = YES;
				CLANG_WARN_BLOCK_CAPTURE_AUTORELEASING = YES;
				CLANG_WARN_BOOL_CONVERSION = YES;
				CLANG_WARN_COMMA = YES;
				CLANG_WARN_CONSTANT_CONVERSION = YES;
				CLANG_WARN_DEPRECATED_OBJC_IMPLEMENTATIONS = YES;
				CLANG_WARN_DIRECT_OBJC_ISA_USAGE = YES_ERROR;
				CLANG_WARN_DOCUMENTATION_COMMENTS = YES;
				CLANG_WARN_EMPTY_BODY = YES;
				CLANG_WARN_ENUM_CONVERSION = YES;
				CLANG_WARN_INFINITE_RECURSION = YES;
				CLANG_WARN_INT_CONVERSION = YES;
				CLANG_WARN_NON_LITERAL_NULL_CONVERSION = YES;
				CLANG_WARN_OBJC_IMPLICIT_RETAIN_SELF = YES;
				CLANG_WARN_OBJC_LITERAL_CONVERSION = YES;
				CLANG_WARN_OBJC_ROOT_CLASS = YES_ERROR;
				CLANG_WARN_QUOTED_INCLUDE_IN_FRAMEWORK_HEADER = YES;
				CLANG_WARN_RANGE_LOOP_ANALYSIS = YES;
				CLANG_WARN_STRICT_PROTOTYPES = YES;
				CLANG_WARN_SUSPICIOUS_MOVE = YES;
				CLANG_WARN_UNGUARDED_AVAILABILITY = YES_AGGRESSIVE;
				CLANG_WARN_UNREACHABLE_CODE = YES;
				CLANG_WARN__DUPLICATE_METHOD_MATCH = YES;
				COPY_PHASE_STRIP = NO;
				DEBUG_INFORMATION_FORMAT = dwarf;
				ENABLE_STRICT_OBJC_MSGSEND = YES;
				ENABLE_TESTABILITY = YES;
				ENABLE_USER_SCRIPT_SANDBOXING = YES;
				GCC_C_LANGUAGE_STANDARD = gnu17;
				GCC_DYNAMIC_NO_PIC = NO;
				GCC_NO_COMMON_BLOCKS = YES;
				GCC_OPTIMIZATION_LEVEL = 0;
				GCC_PREPROCESSOR_DEFINITIONS = (
					"DEBUG=1",
					"$(inherited)",
				);
				GCC_WARN_64_TO_32_BIT_CONVERSION = YES;
				GCC_WARN_ABOUT_RETURN_TYPE = YES_ERROR;
				GCC_WARN_UNDECLARED_SELECTOR = YES;
				GCC_WARN_UNINITIALIZED_AUTOS = YES_AGGRESSIVE;
				GCC_WARN_UNUSED_FUNCTION = YES;
				GCC_WARN_UNUSED_VARIABLE = YES;
				IPHONEOS_DEPLOYMENT_TARGET = 17.4;
				LOCALIZATION_PREFERS_STRING_CATALOGS = YES;
				MTL_ENABLE_DEBUG_INFO = INCLUDE_SOURCE;
				MTL_FAST_MATH = YES;
				ONLY_ACTIVE_ARCH = YES;
				SDKROOT = iphoneos;
				SWIFT_ACTIVE_COMPILATION_CONDITIONS = "DEBUG $(inherited)";
				SWIFT_OPTIMIZATION_LEVEL = "-Onone";
			};
			name = Debug;
		};
		BF6D94DD2BA8A93A0087C8A8 /* Release */ = {
			isa = XCBuildConfiguration;
			buildSettings = {
				ALWAYS_SEARCH_USER_PATHS = NO;
				ASSETCATALOG_COMPILER_GENERATE_SWIFT_ASSET_SYMBOL_EXTENSIONS = YES;
				CLANG_ANALYZER_NONNULL = YES;
				CLANG_ANALYZER_NUMBER_OBJECT_CONVERSION = YES_AGGRESSIVE;
				CLANG_CXX_LANGUAGE_STANDARD = "gnu++20";
				CLANG_ENABLE_MODULES = YES;
				CLANG_ENABLE_OBJC_ARC = YES;
				CLANG_ENABLE_OBJC_WEAK = YES;
				CLANG_WARN_BLOCK_CAPTURE_AUTORELEASING = YES;
				CLANG_WARN_BOOL_CONVERSION = YES;
				CLANG_WARN_COMMA = YES;
				CLANG_WARN_CONSTANT_CONVERSION = YES;
				CLANG_WARN_DEPRECATED_OBJC_IMPLEMENTATIONS = YES;
				CLANG_WARN_DIRECT_OBJC_ISA_USAGE = YES_ERROR;
				CLANG_WARN_DOCUMENTATION_COMMENTS = YES;
				CLANG_WARN_EMPTY_BODY = YES;
				CLANG_WARN_ENUM_CONVERSION = YES;
				CLANG_WARN_INFINITE_RECURSION = YES;
				CLANG_WARN_INT_CONVERSION = YES;
				CLANG_WARN_NON_LITERAL_NULL_CONVERSION = YES;
				CLANG_WARN_OBJC_IMPLICIT_RETAIN_SELF = YES;
				CLANG_WARN_OBJC_LITERAL_CONVERSION = YES;
				CLANG_WARN_OBJC_ROOT_CLASS = YES_ERROR;
				CLANG_WARN_QUOTED_INCLUDE_IN_FRAMEWORK_HEADER = YES;
				CLANG_WARN_RANGE_LOOP_ANALYSIS = YES;
				CLANG_WARN_STRICT_PROTOTYPES = YES;
				CLANG_WARN_SUSPICIOUS_MOVE = YES;
				CLANG_WARN_UNGUARDED_AVAILABILITY = YES_AGGRESSIVE;
				CLANG_WARN_UNREACHABLE_CODE = YES;
				CLANG_WARN__DUPLICATE_METHOD_MATCH = YES;
				COPY_PHASE_STRIP = NO;
				DEBUG_INFORMATION_FORMAT = "dwarf-with-dsym";
				ENABLE_NS_ASSERTIONS = NO;
				ENABLE_STRICT_OBJC_MSGSEND = YES;
				ENABLE_USER_SCRIPT_SANDBOXING = YES;
				GCC_C_LANGUAGE_STANDARD = gnu17;
				GCC_NO_COMMON_BLOCKS = YES;
				GCC_WARN_64_TO_32_BIT_CONVERSION = YES;
				GCC_WARN_ABOUT_RETURN_TYPE = YES_ERROR;
				GCC_WARN_UNDECLARED_SELECTOR = YES;
				GCC_WARN_UNINITIALIZED_AUTOS = YES_AGGRESSIVE;
				GCC_WARN_UNUSED_FUNCTION = YES;
				GCC_WARN_UNUSED_VARIABLE = YES;
				IPHONEOS_DEPLOYMENT_TARGET = 17.4;
				LOCALIZATION_PREFERS_STRING_CATALOGS = YES;
				MTL_ENABLE_DEBUG_INFO = NO;
				MTL_FAST_MATH = YES;
				SDKROOT = iphoneos;
				SWIFT_COMPILATION_MODE = wholemodule;
				VALIDATE_PRODUCT = YES;
			};
			name = Release;
		};
		BF6D94DF2BA8A93A0087C8A8 /* Debug */ = {
			isa = XCBuildConfiguration;
			buildSettings = {
				ASSETCATALOG_COMPILER_APPICON_NAME = AppIcon;
				ASSETCATALOG_COMPILER_GLOBAL_ACCENT_COLOR_NAME = AccentColor;
				CODE_SIGN_STYLE = Automatic;
				CURRENT_PROJECT_VERSION = 1;
				DEVELOPMENT_TEAM = 6H45CDZK7M;
				GENERATE_INFOPLIST_FILE = YES;
				INFOPLIST_FILE = "iOS12-HW14/Resources/Info.plist";
				INFOPLIST_KEY_UIApplicationSupportsIndirectInputEvents = YES;
				INFOPLIST_KEY_UILaunchStoryboardName = LaunchScreen;
				INFOPLIST_KEY_UISupportedInterfaceOrientations_iPad = "UIInterfaceOrientationPortrait UIInterfaceOrientationPortraitUpsideDown UIInterfaceOrientationLandscapeLeft UIInterfaceOrientationLandscapeRight";
				INFOPLIST_KEY_UISupportedInterfaceOrientations_iPhone = "UIInterfaceOrientationPortrait UIInterfaceOrientationLandscapeLeft UIInterfaceOrientationLandscapeRight";
				IPHONEOS_DEPLOYMENT_TARGET = 16.4;
				LD_RUNPATH_SEARCH_PATHS = (
					"$(inherited)",
					"@executable_path/Frameworks",
				);
				MARKETING_VERSION = 1.0;
				PRODUCT_BUNDLE_IDENTIFIER = "com.my.iOS12-HW14";
				PRODUCT_NAME = "$(TARGET_NAME)";
				SUPPORTED_PLATFORMS = "iphoneos iphonesimulator";
				SUPPORTS_MACCATALYST = NO;
				SUPPORTS_XR_DESIGNED_FOR_IPHONE_IPAD = NO;
				SWIFT_EMIT_LOC_STRINGS = YES;
				SWIFT_VERSION = 5.0;
				TARGETED_DEVICE_FAMILY = 1;
			};
			name = Debug;
		};
		BF6D94E02BA8A93A0087C8A8 /* Release */ = {
			isa = XCBuildConfiguration;
			buildSettings = {
				ASSETCATALOG_COMPILER_APPICON_NAME = AppIcon;
				ASSETCATALOG_COMPILER_GLOBAL_ACCENT_COLOR_NAME = AccentColor;
				CODE_SIGN_STYLE = Automatic;
				CURRENT_PROJECT_VERSION = 1;
				DEVELOPMENT_TEAM = 6H45CDZK7M;
				GENERATE_INFOPLIST_FILE = YES;
				INFOPLIST_FILE = "iOS12-HW14/Resources/Info.plist";
				INFOPLIST_KEY_UIApplicationSupportsIndirectInputEvents = YES;
				INFOPLIST_KEY_UILaunchStoryboardName = LaunchScreen;
				INFOPLIST_KEY_UISupportedInterfaceOrientations_iPad = "UIInterfaceOrientationPortrait UIInterfaceOrientationPortraitUpsideDown UIInterfaceOrientationLandscapeLeft UIInterfaceOrientationLandscapeRight";
				INFOPLIST_KEY_UISupportedInterfaceOrientations_iPhone = "UIInterfaceOrientationPortrait UIInterfaceOrientationLandscapeLeft UIInterfaceOrientationLandscapeRight";
				IPHONEOS_DEPLOYMENT_TARGET = 16.4;
				LD_RUNPATH_SEARCH_PATHS = (
					"$(inherited)",
					"@executable_path/Frameworks",
				);
				MARKETING_VERSION = 1.0;
				PRODUCT_BUNDLE_IDENTIFIER = "com.my.iOS12-HW14";
				PRODUCT_NAME = "$(TARGET_NAME)";
				SUPPORTED_PLATFORMS = "iphoneos iphonesimulator";
				SUPPORTS_MACCATALYST = NO;
				SUPPORTS_XR_DESIGNED_FOR_IPHONE_IPAD = NO;
				SWIFT_EMIT_LOC_STRINGS = YES;
				SWIFT_VERSION = 5.0;
				TARGETED_DEVICE_FAMILY = 1;
			};
			name = Release;
		};
/* End XCBuildConfiguration section */

/* Begin XCConfigurationList section */
		BF6D94C52BA8A9390087C8A8 /* Build configuration list for PBXProject "iOS12-HW14" */ = {
			isa = XCConfigurationList;
			buildConfigurations = (
				BF6D94DC2BA8A93A0087C8A8 /* Debug */,
				BF6D94DD2BA8A93A0087C8A8 /* Release */,
			);
			defaultConfigurationIsVisible = 0;
			defaultConfigurationName = Release;
		};
		BF6D94DE2BA8A93A0087C8A8 /* Build configuration list for PBXNativeTarget "iOS12-HW14" */ = {
			isa = XCConfigurationList;
			buildConfigurations = (
				BF6D94DF2BA8A93A0087C8A8 /* Debug */,
				BF6D94E02BA8A93A0087C8A8 /* Release */,
			);
			defaultConfigurationIsVisible = 0;
			defaultConfigurationName = Release;
		};
/* End XCConfigurationList section */

/* Begin XCRemoteSwiftPackageReference section */
		BF6D94E42BAEE1580087C8A8 /* XCRemoteSwiftPackageReference "SnapKit" */ = {
			isa = XCRemoteSwiftPackageReference;
			repositoryURL = "https://github.com/SnapKit/SnapKit.git";
			requirement = {
				kind = upToNextMajorVersion;
				minimumVersion = 5.7.1;
			};
		};
/* End XCRemoteSwiftPackageReference section */

/* Begin XCSwiftPackageProductDependency section */
		BF6D94E52BAEE1580087C8A8 /* SnapKit */ = {
			isa = XCSwiftPackageProductDependency;
			package = BF6D94E42BAEE1580087C8A8 /* XCRemoteSwiftPackageReference "SnapKit" */;
			productName = SnapKit;
		};
		BF6D94E72BAEE1580087C8A8 /* SnapKit-Dynamic */ = {
			isa = XCSwiftPackageProductDependency;
			package = BF6D94E42BAEE1580087C8A8 /* XCRemoteSwiftPackageReference "SnapKit" */;
			productName = "SnapKit-Dynamic";
		};
/* End XCSwiftPackageProductDependency section */
	};
	rootObject = BF6D94C22BA8A9390087C8A8 /* Project object */;
}
